# This file is automatically @generated by Cargo.
# It is not intended for manual editing.
version = 4

[[package]]
name = "basalt-coordinator"
version = "0.1.0"

[[package]]
name = "basalt-metadata"
version = "0.1.0"

[[package]]
name = "basalt-protocol"
version = "0.1.0"

[[package]]
name = "basalt-record"
version = "0.1.0"

[[package]]
name = "basalt-server"
version = "0.1.0"

[[package]]
name = "basalt-storage"
version = "0.1.0"

[[package]]
name = "basalt-testing"
version = "0.1.0"

[[package]]
name = "xtask"
version = "0.1.0"
